<?xml version="1.0" encoding="utf-8"?>
<Project ToolsVersion="4.0" xmlns="http://schemas.microsoft.com/developer/msbuild/2003">
  <ItemGroup>
    <Filter Include="Source Files">
      <UniqueIdentifier>{4FC737F1-C7A5-4376-A066-2A32D752A2FF}</UniqueIdentifier>
      <Extensions>cpp;c;cc;cxx;def;odl;idl;hpj;bat;asm;asmx</Extensions>
    </Filter>
    <Filter Include="Header Files">
      <UniqueIdentifier>{93995380-89BD-4b04-88EB-625FBE52EBFB}</UniqueIdentifier>
      <Extensions>h;hpp;hxx;hm;inl;inc;xsd</Extensions>
    </Filter>
    <Filter Include="Resource Files">
      <UniqueIdentifier>{67DA6AB6-F800-4c08-8B7A-83BB121AAD01}</UniqueIdentifier>
      <Extensions>rc;ico;cur;bmp;dlg;rc2;rct;bin;rgs;gif;jpg;jpeg;jpe;resx;tiff;tif;png;wav;mfcribbon-ms</Extensions>
    </Filter>
    <Filter Include="Shaders">
      <UniqueIdentifier>{2ac347ee-0dcf-46a8-8aed-ada2bdf8fa33}</UniqueIdentifier>
    </Filter>
  </ItemGroup>
  <ItemGroup>
    <ClCompile Include="tnm046.cpp">
      <Filter>Source Files</Filter>
    </ClCompile>
    <ClCompile Include="glmath.cpp">
      <Filter>Source Files</Filter>
    </ClCompile>
    <ClCompile Include="triangleSoup.cpp">
      <Filter>Source Files</Filter>
    </ClCompile>
    <ClCompile Include="pollRotator.cpp">
      <Filter>Source Files</Filter>
    </ClCompile>
  </ItemGroup>
  <ItemGroup>
    <ClInclude Include="tnm046.h">
      <Filter>Header Files</Filter>
    </ClInclude>
    <ClInclude Include="glmath.h">
      <Filter>Header Files</Filter>
    </ClInclude>
    <ClInclude Include="triangleSoup.h">
      <Filter>Header Files</Filter>
    </ClInclude>
    <ClInclude Include="pollRotator.h">
      <Filter>Header Files</Filter>
    </ClInclude>
  </ItemGroup>
  <ItemGroup>
    <None Include="colorFragment.glsl">
      <Filter>Shaders</Filter>
    </None>
    <None Include="colorVertex.glsl">
      <Filter>Shaders</Filter>
    </None>
  </ItemGroup>
</Project>